// !$*UTF8*$!
{
	archiveVersion = 1;
	classes = {
	};
	objectVersion = 50;
	objects = {

/* Begin PBXBuildFile section */
		561259B82206E95600DCFA13 /* main.cpp in Sources */ = {isa = PBXBuildFile; fileRef = 561259B72206E95600DCFA13 /* main.cpp */; };
		56125A3522070D9B00DCFA13 /* particle_compat.cpp in Sources */ = {isa = PBXBuildFile; fileRef = 56125A3422070D9B00DCFA13 /* particle_compat.cpp */; };
		56125A382207490000DCFA13 /* Foundation.framework in Frameworks */ = {isa = PBXBuildFile; fileRef = 56125A372207490000DCFA13 /* Foundation.framework */; };
		56125A3A22074AFC00DCFA13 /* CoreFoundation.framework in Frameworks */ = {isa = PBXBuildFile; fileRef = 56125A3922074AFC00DCFA13 /* CoreFoundation.framework */; };
		56EB60D5233A8D0700175FAF /* HAPHomekitBridgeAccessory.cpp in Sources */ = {isa = PBXBuildFile; fileRef = 56EB6058233A8D0700175FAF /* HAPHomekitBridgeAccessory.cpp */; };
		56EB60D6233A8D0700175FAF /* ge_operations.cpp in Sources */ = {isa = PBXBuildFile; fileRef = 56EB605A233A8D0700175FAF /* ge_operations.cpp */; };
		56EB60D7233A8D0700175FAF /* memory.cpp in Sources */ = {isa = PBXBuildFile; fileRef = 56EB605B233A8D0700175FAF /* memory.cpp */; };
		56EB60D8233A8D0700175FAF /* ge_low_mem.cpp in Sources */ = {isa = PBXBuildFile; fileRef = 56EB605D233A8D0700175FAF /* ge_low_mem.cpp */; };
		56EB60D9233A8D0700175FAF /* fe_low_mem.cpp in Sources */ = {isa = PBXBuildFile; fileRef = 56EB605E233A8D0700175FAF /* fe_low_mem.cpp */; };
		56EB60DA233A8D0700175FAF /* logging.cpp in Sources */ = {isa = PBXBuildFile; fileRef = 56EB605F233A8D0700175FAF /* logging.cpp */; };
		56EB60DB233A8D0700175FAF /* misc.cpp in Sources */ = {isa = PBXBuildFile; fileRef = 56EB6063233A8D0700175FAF /* misc.cpp */; };
		56EB60DC233A8D0700175FAF /* random.cpp in Sources */ = {isa = PBXBuildFile; fileRef = 56EB6065233A8D0700175FAF /* random.cpp */; };
		56EB60DD233A8D0700175FAF /* chacha20_poly1305.cpp in Sources */ = {isa = PBXBuildFile; fileRef = 56EB6068233A8D0700175FAF /* chacha20_poly1305.cpp */; };
		56EB60DE233A8D0700175FAF /* ed25519.cpp in Sources */ = {isa = PBXBuildFile; fileRef = 56EB606B233A8D0700175FAF /* ed25519.cpp */; };
		56EB60DF233A8D0700175FAF /* fe_operations.cpp in Sources */ = {isa = PBXBuildFile; fileRef = 56EB606C233A8D0700175FAF /* fe_operations.cpp */; };
		56EB60E0233A8D0700175FAF /* sha512.cpp in Sources */ = {isa = PBXBuildFile; fileRef = 56EB606F233A8D0700175FAF /* sha512.cpp */; };
		56EB60E1233A8D0700175FAF /* poly1305.cpp in Sources */ = {isa = PBXBuildFile; fileRef = 56EB6071233A8D0700175FAF /* poly1305.cpp */; };
		56EB60E2233A8D0700175FAF /* hmac.cpp in Sources */ = {isa = PBXBuildFile; fileRef = 56EB6073233A8D0700175FAF /* hmac.cpp */; };
		56EB60E3233A8D0700175FAF /* srp.cpp in Sources */ = {isa = PBXBuildFile; fileRef = 56EB6076233A8D0700175FAF /* srp.cpp */; };
		56EB60E4233A8D0700175FAF /* wc_port.cpp in Sources */ = {isa = PBXBuildFile; fileRef = 56EB6077233A8D0700175FAF /* wc_port.cpp */; };
		56EB60E5233A8D0700175FAF /* curve25519.cpp in Sources */ = {isa = PBXBuildFile; fileRef = 56EB6079233A8D0700175FAF /* curve25519.cpp */; };
		56EB60E6233A8D0700175FAF /* integer.cpp in Sources */ = {isa = PBXBuildFile; fileRef = 56EB607C233A8D0700175FAF /* integer.cpp */; };
		56EB60E7233A8D0700175FAF /* hash.cpp in Sources */ = {isa = PBXBuildFile; fileRef = 56EB607D233A8D0700175FAF /* hash.cpp */; };
		56EB60E8233A8D0700175FAF /* chacha.cpp in Sources */ = {isa = PBXBuildFile; fileRef = 56EB6081233A8D0700175FAF /* chacha.cpp */; };
		56EB60E9233A8D0700175FAF /* HKAccessory.cpp in Sources */ = {isa = PBXBuildFile; fileRef = 56EB6086233A8D0700175FAF /* HKAccessory.cpp */; };
		56EB60EA233A8D0700175FAF /* HAPCompositeAccessory.cpp in Sources */ = {isa = PBXBuildFile; fileRef = 56EB6089233A8D0700175FAF /* HAPCompositeAccessory.cpp */; };
		56EB60EB233A8D0700175FAF /* HKStringUtils.cpp in Sources */ = {isa = PBXBuildFile; fileRef = 56EB608D233A8D0700175FAF /* HKStringUtils.cpp */; };
		56EB60EC233A8D0700175FAF /* HKNetworkResponse.cpp in Sources */ = {isa = PBXBuildFile; fileRef = 56EB6091233A8D0700175FAF /* HKNetworkResponse.cpp */; };
		56EB60ED233A8D0700175FAF /* HKNetworkMessage.cpp in Sources */ = {isa = PBXBuildFile; fileRef = 56EB6092233A8D0700175FAF /* HKNetworkMessage.cpp */; };
		56EB60EE233A8D0700175FAF /* HKNetworkMessageData.cpp in Sources */ = {isa = PBXBuildFile; fileRef = 56EB6097233A8D0700175FAF /* HKNetworkMessageData.cpp */; };
		56EB60EF233A8D0700175FAF /* HKLog.cpp in Sources */ = {isa = PBXBuildFile; fileRef = 56EB6098233A8D0700175FAF /* HKLog.cpp */; };
		56EB60F0233A8D0700175FAF /* HKServer.cpp in Sources */ = {isa = PBXBuildFile; fileRef = 56EB6099233A8D0700175FAF /* HKServer.cpp */; };
		56EB60F1233A8D0700175FAF /* HKConnection.cpp in Sources */ = {isa = PBXBuildFile; fileRef = 56EB609A233A8D0700175FAF /* HKConnection.cpp */; };
		56EB60F2233A8D0700175FAF /* HKNetworkMessageDataRecord.cpp in Sources */ = {isa = PBXBuildFile; fileRef = 56EB609D233A8D0700175FAF /* HKNetworkMessageDataRecord.cpp */; };
		56EB60F3233A8D0700175FAF /* HKConfig.cpp in Sources */ = {isa = PBXBuildFile; fileRef = 56EB60A0233A8D0700175FAF /* HKConfig.cpp */; };
		56EB60F4233A8D0700175FAF /* HKStringBuffer.cpp in Sources */ = {isa = PBXBuildFile; fileRef = 56EB60A1233A8D0700175FAF /* HKStringBuffer.cpp */; };
		56EB60F5233A8D0700175FAF /* HKBonjour.cpp in Sources */ = {isa = PBXBuildFile; fileRef = 56EB60D2233A8D0700175FAF /* HKBonjour.cpp */; };
		56EB60F6233A8D0700175FAF /* HKPersistor.cpp in Sources */ = {isa = PBXBuildFile; fileRef = 56EB60D4233A8D0700175FAF /* HKPersistor.cpp */; };
		56EB60FC233A971900175FAF /* RelaySwitchAccessory.cpp in Sources */ = {isa = PBXBuildFile; fileRef = 56EB60FB233A971800175FAF /* RelaySwitchAccessory.cpp */; };
/* End PBXBuildFile section */

/* Begin PBXCopyFilesBuildPhase section */
		561259B22206E95600DCFA13 /* CopyFiles */ = {
			isa = PBXCopyFilesBuildPhase;
			buildActionMask = 2147483647;
			dstPath = /usr/share/man/man1/;
			dstSubfolderSpec = 0;
			files = (
			);
			runOnlyForDeploymentPostprocessing = 1;
		};
/* End PBXCopyFilesBuildPhase section */

/* Begin PBXFileReference section */
		561259B42206E95600DCFA13 /* HKTester */ = {isa = PBXFileReference; explicitFileType = "compiled.mach-o.executable"; includeInIndex = 0; path = HKTester; sourceTree = BUILT_PRODUCTS_DIR; };
		561259B72206E95600DCFA13 /* main.cpp */ = {isa = PBXFileReference; explicitFileType = sourcecode.cpp.objcpp; path = main.cpp; sourceTree = "<group>"; };
		561259C02206EA0600DCFA13 /* particle_compat.h */ = {isa = PBXFileReference; lastKnownFileType = sourcecode.c.h; path = particle_compat.h; sourceTree = "<group>"; };
		56125A3422070D9B00DCFA13 /* particle_compat.cpp */ = {isa = PBXFileReference; lastKnownFileType = sourcecode.cpp.cpp; path = particle_compat.cpp; sourceTree = "<group>"; };
		56125A372207490000DCFA13 /* Foundation.framework */ = {isa = PBXFileReference; lastKnownFileType = wrapper.framework; name = Foundation.framework; path = System/Library/Frameworks/Foundation.framework; sourceTree = SDKROOT; };
		56125A3922074AFC00DCFA13 /* CoreFoundation.framework */ = {isa = PBXFileReference; lastKnownFileType = wrapper.framework; name = CoreFoundation.framework; path = System/Library/Frameworks/CoreFoundation.framework; sourceTree = SDKROOT; };
		56EB6056233A8D0700175FAF /* HKLog.h */ = {isa = PBXFileReference; fileEncoding = 4; lastKnownFileType = sourcecode.c.h; path = HKLog.h; sourceTree = "<group>"; };
		56EB6057233A8D0700175FAF /* HKStringBuffer.h */ = {isa = PBXFileReference; fileEncoding = 4; lastKnownFileType = sourcecode.c.h; path = HKStringBuffer.h; sourceTree = "<group>"; };
		56EB6058233A8D0700175FAF /* HAPHomekitBridgeAccessory.cpp */ = {isa = PBXFileReference; fileEncoding = 4; lastKnownFileType = sourcecode.cpp.cpp; path = HAPHomekitBridgeAccessory.cpp; sourceTree = "<group>"; };
		56EB605A233A8D0700175FAF /* ge_operations.cpp */ = {isa = PBXFileReference; fileEncoding = 4; lastKnownFileType = sourcecode.cpp.cpp; path = ge_operations.cpp; sourceTree = "<group>"; };
		56EB605B233A8D0700175FAF /* memory.cpp */ = {isa = PBXFileReference; fileEncoding = 4; lastKnownFileType = sourcecode.cpp.cpp; path = memory.cpp; sourceTree = "<group>"; };
		56EB605C233A8D0700175FAF /* fe_operations.h */ = {isa = PBXFileReference; fileEncoding = 4; lastKnownFileType = sourcecode.c.h; path = fe_operations.h; sourceTree = "<group>"; };
		56EB605D233A8D0700175FAF /* ge_low_mem.cpp */ = {isa = PBXFileReference; fileEncoding = 4; lastKnownFileType = sourcecode.cpp.cpp; path = ge_low_mem.cpp; sourceTree = "<group>"; };
		56EB605E233A8D0700175FAF /* fe_low_mem.cpp */ = {isa = PBXFileReference; fileEncoding = 4; lastKnownFileType = sourcecode.cpp.cpp; path = fe_low_mem.cpp; sourceTree = "<group>"; };
		56EB605F233A8D0700175FAF /* logging.cpp */ = {isa = PBXFileReference; fileEncoding = 4; lastKnownFileType = sourcecode.cpp.cpp; path = logging.cpp; sourceTree = "<group>"; };
		56EB6060233A8D0700175FAF /* chacha.h */ = {isa = PBXFileReference; fileEncoding = 4; lastKnownFileType = sourcecode.c.h; path = chacha.h; sourceTree = "<group>"; };
		56EB6061233A8D0700175FAF /* settings.h */ = {isa = PBXFileReference; fileEncoding = 4; lastKnownFileType = sourcecode.c.h; path = settings.h; sourceTree = "<group>"; };
		56EB6062233A8D0700175FAF /* types.h */ = {isa = PBXFileReference; fileEncoding = 4; lastKnownFileType = sourcecode.c.h; path = types.h; sourceTree = "<group>"; };
		56EB6063233A8D0700175FAF /* misc.cpp */ = {isa = PBXFileReference; fileEncoding = 4; lastKnownFileType = sourcecode.cpp.cpp; path = misc.cpp; sourceTree = "<group>"; };
		56EB6064233A8D0700175FAF /* misc.h */ = {isa = PBXFileReference; fileEncoding = 4; lastKnownFileType = sourcecode.c.h; path = misc.h; sourceTree = "<group>"; };
		56EB6065233A8D0700175FAF /* random.cpp */ = {isa = PBXFileReference; fileEncoding = 4; lastKnownFileType = sourcecode.cpp.cpp; path = random.cpp; sourceTree = "<group>"; };
		56EB6066233A8D0700175FAF /* mpi_class.h */ = {isa = PBXFileReference; fileEncoding = 4; lastKnownFileType = sourcecode.c.h; path = mpi_class.h; sourceTree = "<group>"; };
		56EB6067233A8D0700175FAF /* poly1305.h */ = {isa = PBXFileReference; fileEncoding = 4; lastKnownFileType = sourcecode.c.h; path = poly1305.h; sourceTree = "<group>"; };
		56EB6068233A8D0700175FAF /* chacha20_poly1305.cpp */ = {isa = PBXFileReference; fileEncoding = 4; lastKnownFileType = sourcecode.cpp.cpp; path = chacha20_poly1305.cpp; sourceTree = "<group>"; };
		56EB6069233A8D0700175FAF /* arc4.h */ = {isa = PBXFileReference; fileEncoding = 4; lastKnownFileType = sourcecode.c.h; path = arc4.h; sourceTree = "<group>"; };
		56EB606A233A8D0700175FAF /* wolfmath.h */ = {isa = PBXFileReference; fileEncoding = 4; lastKnownFileType = sourcecode.c.h; path = wolfmath.h; sourceTree = "<group>"; };
		56EB606B233A8D0700175FAF /* ed25519.cpp */ = {isa = PBXFileReference; fileEncoding = 4; lastKnownFileType = sourcecode.cpp.cpp; path = ed25519.cpp; sourceTree = "<group>"; };
		56EB606C233A8D0700175FAF /* fe_operations.cpp */ = {isa = PBXFileReference; fileEncoding = 4; lastKnownFileType = sourcecode.cpp.cpp; path = fe_operations.cpp; sourceTree = "<group>"; };
		56EB606D233A8D0700175FAF /* logging.h */ = {isa = PBXFileReference; fileEncoding = 4; lastKnownFileType = sourcecode.c.h; path = logging.h; sourceTree = "<group>"; };
		56EB606E233A8D0700175FAF /* error-crypt.h */ = {isa = PBXFileReference; fileEncoding = 4; lastKnownFileType = sourcecode.c.h; path = "error-crypt.h"; sourceTree = "<group>"; };
		56EB606F233A8D0700175FAF /* sha512.cpp */ = {isa = PBXFileReference; fileEncoding = 4; lastKnownFileType = sourcecode.cpp.cpp; path = sha512.cpp; sourceTree = "<group>"; };
		56EB6070233A8D0700175FAF /* sha512.h */ = {isa = PBXFileReference; fileEncoding = 4; lastKnownFileType = sourcecode.c.h; path = sha512.h; sourceTree = "<group>"; };
		56EB6071233A8D0700175FAF /* poly1305.cpp */ = {isa = PBXFileReference; fileEncoding = 4; lastKnownFileType = sourcecode.cpp.cpp; path = poly1305.cpp; sourceTree = "<group>"; };
		56EB6072233A8D0700175FAF /* srp.h */ = {isa = PBXFileReference; fileEncoding = 4; lastKnownFileType = sourcecode.c.h; path = srp.h; sourceTree = "<group>"; };
		56EB6073233A8D0700175FAF /* hmac.cpp */ = {isa = PBXFileReference; fileEncoding = 4; lastKnownFileType = sourcecode.cpp.cpp; path = hmac.cpp; sourceTree = "<group>"; };
		56EB6074233A8D0700175FAF /* hmac.h */ = {isa = PBXFileReference; fileEncoding = 4; lastKnownFileType = sourcecode.c.h; path = hmac.h; sourceTree = "<group>"; };
		56EB6075233A8D0700175FAF /* wc_port.h */ = {isa = PBXFileReference; fileEncoding = 4; lastKnownFileType = sourcecode.c.h; path = wc_port.h; sourceTree = "<group>"; };
		56EB6076233A8D0700175FAF /* srp.cpp */ = {isa = PBXFileReference; fileEncoding = 4; lastKnownFileType = sourcecode.cpp.cpp; path = srp.cpp; sourceTree = "<group>"; };
		56EB6077233A8D0700175FAF /* wc_port.cpp */ = {isa = PBXFileReference; fileEncoding = 4; lastKnownFileType = sourcecode.cpp.cpp; path = wc_port.cpp; sourceTree = "<group>"; };
		56EB6078233A8D0700175FAF /* chacha20_poly1305.h */ = {isa = PBXFileReference; fileEncoding = 4; lastKnownFileType = sourcecode.c.h; path = chacha20_poly1305.h; sourceTree = "<group>"; };
		56EB6079233A8D0700175FAF /* curve25519.cpp */ = {isa = PBXFileReference; fileEncoding = 4; lastKnownFileType = sourcecode.cpp.cpp; path = curve25519.cpp; sourceTree = "<group>"; };
		56EB607A233A8D0700175FAF /* memory.h */ = {isa = PBXFileReference; fileEncoding = 4; lastKnownFileType = sourcecode.c.h; path = memory.h; sourceTree = "<group>"; };
		56EB607B233A8D0700175FAF /* ed25519.h */ = {isa = PBXFileReference; fileEncoding = 4; lastKnownFileType = sourcecode.c.h; path = ed25519.h; sourceTree = "<group>"; };
		56EB607C233A8D0700175FAF /* integer.cpp */ = {isa = PBXFileReference; fileEncoding = 4; lastKnownFileType = sourcecode.cpp.cpp; path = integer.cpp; sourceTree = "<group>"; };
		56EB607D233A8D0700175FAF /* hash.cpp */ = {isa = PBXFileReference; fileEncoding = 4; lastKnownFileType = sourcecode.cpp.cpp; path = hash.cpp; sourceTree = "<group>"; };
		56EB607E233A8D0700175FAF /* curve25519.h */ = {isa = PBXFileReference; fileEncoding = 4; lastKnownFileType = sourcecode.c.h; path = curve25519.h; sourceTree = "<group>"; };
		56EB607F233A8D0700175FAF /* visibility.h */ = {isa = PBXFileReference; fileEncoding = 4; lastKnownFileType = sourcecode.c.h; path = visibility.h; sourceTree = "<group>"; };
		56EB6080233A8D0700175FAF /* integer.h */ = {isa = PBXFileReference; fileEncoding = 4; lastKnownFileType = sourcecode.c.h; path = integer.h; sourceTree = "<group>"; };
		56EB6081233A8D0700175FAF /* chacha.cpp */ = {isa = PBXFileReference; fileEncoding = 4; lastKnownFileType = sourcecode.cpp.cpp; path = chacha.cpp; sourceTree = "<group>"; };
		56EB6082233A8D0700175FAF /* ge_operations.h */ = {isa = PBXFileReference; fileEncoding = 4; lastKnownFileType = sourcecode.c.h; path = ge_operations.h; sourceTree = "<group>"; };
		56EB6083233A8D0700175FAF /* hash.h */ = {isa = PBXFileReference; fileEncoding = 4; lastKnownFileType = sourcecode.c.h; path = hash.h; sourceTree = "<group>"; };
		56EB6084233A8D0700175FAF /* random.h */ = {isa = PBXFileReference; fileEncoding = 4; lastKnownFileType = sourcecode.c.h; path = random.h; sourceTree = "<group>"; };
		56EB6085233A8D0700175FAF /* mpi_superclass.h */ = {isa = PBXFileReference; fileEncoding = 4; lastKnownFileType = sourcecode.c.h; path = mpi_superclass.h; sourceTree = "<group>"; };
		56EB6086233A8D0700175FAF /* HKAccessory.cpp */ = {isa = PBXFileReference; fileEncoding = 4; lastKnownFileType = sourcecode.cpp.cpp; path = HKAccessory.cpp; sourceTree = "<group>"; };
		56EB6087233A8D0700175FAF /* HKAccessory.h */ = {isa = PBXFileReference; fileEncoding = 4; lastKnownFileType = sourcecode.c.h; path = HKAccessory.h; sourceTree = "<group>"; };
		56EB6089233A8D0700175FAF /* HAPCompositeAccessory.cpp */ = {isa = PBXFileReference; fileEncoding = 4; lastKnownFileType = sourcecode.cpp.cpp; path = HAPCompositeAccessory.cpp; sourceTree = "<group>"; };
		56EB608A233A8D0700175FAF /* HKConsts.h */ = {isa = PBXFileReference; fileEncoding = 4; lastKnownFileType = sourcecode.c.h; path = HKConsts.h; sourceTree = "<group>"; };
		56EB608B233A8D0700175FAF /* HAPHomekitBridgeAccessory.h */ = {isa = PBXFileReference; fileEncoding = 4; lastKnownFileType = sourcecode.c.h; path = HAPHomekitBridgeAccessory.h; sourceTree = "<group>"; };
		56EB608C233A8D0700175FAF /* HKBonjour.h */ = {isa = PBXFileReference; fileEncoding = 4; lastKnownFileType = sourcecode.c.h; path = HKBonjour.h; sourceTree = "<group>"; };
		56EB608D233A8D0700175FAF /* HKStringUtils.cpp */ = {isa = PBXFileReference; fileEncoding = 4; lastKnownFileType = sourcecode.cpp.cpp; path = HKStringUtils.cpp; sourceTree = "<group>"; };
		56EB608E233A8D0700175FAF /* HAPCompositeAccessory.h */ = {isa = PBXFileReference; fileEncoding = 4; lastKnownFileType = sourcecode.c.h; path = HAPCompositeAccessory.h; sourceTree = "<group>"; };
		56EB6090233A8D0700175FAF /* HKNetworkMessageData.h */ = {isa = PBXFileReference; fileEncoding = 4; lastKnownFileType = sourcecode.c.h; path = HKNetworkMessageData.h; sourceTree = "<group>"; };
		56EB6091233A8D0700175FAF /* HKNetworkResponse.cpp */ = {isa = PBXFileReference; fileEncoding = 4; lastKnownFileType = sourcecode.cpp.cpp; path = HKNetworkResponse.cpp; sourceTree = "<group>"; };
		56EB6092233A8D0700175FAF /* HKNetworkMessage.cpp */ = {isa = PBXFileReference; fileEncoding = 4; lastKnownFileType = sourcecode.cpp.cpp; path = HKNetworkMessage.cpp; sourceTree = "<group>"; };
		56EB6093233A8D0700175FAF /* HAPServiceDescriptor.h */ = {isa = PBXFileReference; fileEncoding = 4; lastKnownFileType = sourcecode.c.h; path = HAPServiceDescriptor.h; sourceTree = "<group>"; };
		56EB6094233A8D0700175FAF /* HKConnection.h */ = {isa = PBXFileReference; fileEncoding = 4; lastKnownFileType = sourcecode.c.h; path = HKConnection.h; sourceTree = "<group>"; };
		56EB6095233A8D0700175FAF /* HKServer.h */ = {isa = PBXFileReference; fileEncoding = 4; lastKnownFileType = sourcecode.c.h; path = HKServer.h; sourceTree = "<group>"; };
		56EB6096233A8D0700175FAF /* HKPersistor.h */ = {isa = PBXFileReference; fileEncoding = 4; lastKnownFileType = sourcecode.c.h; path = HKPersistor.h; sourceTree = "<group>"; };
		56EB6097233A8D0700175FAF /* HKNetworkMessageData.cpp */ = {isa = PBXFileReference; fileEncoding = 4; lastKnownFileType = sourcecode.cpp.cpp; path = HKNetworkMessageData.cpp; sourceTree = "<group>"; };
		56EB6098233A8D0700175FAF /* HKLog.cpp */ = {isa = PBXFileReference; fileEncoding = 4; lastKnownFileType = sourcecode.cpp.cpp; path = HKLog.cpp; sourceTree = "<group>"; };
		56EB6099233A8D0700175FAF /* HKServer.cpp */ = {isa = PBXFileReference; fileEncoding = 4; lastKnownFileType = sourcecode.cpp.cpp; path = HKServer.cpp; sourceTree = "<group>"; };
		56EB609A233A8D0700175FAF /* HKConnection.cpp */ = {isa = PBXFileReference; fileEncoding = 4; lastKnownFileType = sourcecode.cpp.cpp; path = HKConnection.cpp; sourceTree = "<group>"; };
		56EB609B233A8D0700175FAF /* HKNetworkResponse.h */ = {isa = PBXFileReference; fileEncoding = 4; lastKnownFileType = sourcecode.c.h; path = HKNetworkResponse.h; sourceTree = "<group>"; };
		56EB609C233A8D0700175FAF /* HKNetworkMessage.h */ = {isa = PBXFileReference; fileEncoding = 4; lastKnownFileType = sourcecode.c.h; path = HKNetworkMessage.h; sourceTree = "<group>"; };
		56EB609D233A8D0700175FAF /* HKNetworkMessageDataRecord.cpp */ = {isa = PBXFileReference; fileEncoding = 4; lastKnownFileType = sourcecode.cpp.cpp; path = HKNetworkMessageDataRecord.cpp; sourceTree = "<group>"; };
		56EB609E233A8D0700175FAF /* HAPAccessoryDescriptor.h */ = {isa = PBXFileReference; fileEncoding = 4; lastKnownFileType = sourcecode.c.h; path = HAPAccessoryDescriptor.h; sourceTree = "<group>"; };
		56EB609F233A8D0700175FAF /* HKConfig.h */ = {isa = PBXFileReference; fileEncoding = 4; lastKnownFileType = sourcecode.c.h; path = HKConfig.h; sourceTree = "<group>"; };
		56EB60A0233A8D0700175FAF /* HKConfig.cpp */ = {isa = PBXFileReference; fileEncoding = 4; lastKnownFileType = sourcecode.cpp.cpp; path = HKConfig.cpp; sourceTree = "<group>"; };
		56EB60A1233A8D0700175FAF /* HKStringBuffer.cpp */ = {isa = PBXFileReference; fileEncoding = 4; lastKnownFileType = sourcecode.cpp.cpp; path = HKStringBuffer.cpp; sourceTree = "<group>"; };
		56EB60A2233A8D0700175FAF /* HKNetworkMessageDataRecord.h */ = {isa = PBXFileReference; fileEncoding = 4; lastKnownFileType = sourcecode.c.h; path = HKNetworkMessageDataRecord.h; sourceTree = "<group>"; };
		56EB60A6233A8D0700175FAF /* RCSwitch.ipch */ = {isa = PBXFileReference; lastKnownFileType = file; path = RCSwitch.ipch; sourceTree = "<group>"; };
		56EB60A7233A8D0700175FAF /* mmap_address.bin */ = {isa = PBXFileReference; lastKnownFileType = archive.macbinary; path = mmap_address.bin; sourceTree = "<group>"; };
		56EB60AD233A8D0700175FAF /* particle-hap.ipch */ = {isa = PBXFileReference; lastKnownFileType = file; path = "particle-hap.ipch"; sourceTree = "<group>"; };
		56EB60AE233A8D0700175FAF /* mmap_address.bin */ = {isa = PBXFileReference; lastKnownFileType = archive.macbinary; path = mmap_address.bin; sourceTree = "<group>"; };
		56EB60B0233A8D0700175FAF /* sha512.ipch */ = {isa = PBXFileReference; lastKnownFileType = file; path = sha512.ipch; sourceTree = "<group>"; };
		56EB60B1233A8D0700175FAF /* mmap_address.bin */ = {isa = PBXFileReference; lastKnownFileType = archive.macbinary; path = mmap_address.bin; sourceTree = "<group>"; };
		56EB60B4233A8D0700175FAF /* MotionSensorService.ipch */ = {isa = PBXFileReference; lastKnownFileType = file; path = MotionSensorService.ipch; sourceTree = "<group>"; };
		56EB60B5233A8D0700175FAF /* mmap_address.bin */ = {isa = PBXFileReference; lastKnownFileType = archive.macbinary; path = mmap_address.bin; sourceTree = "<group>"; };
		56EB60B7233A8D0700175FAF /* hmac.ipch */ = {isa = PBXFileReference; lastKnownFileType = file; path = hmac.ipch; sourceTree = "<group>"; };
		56EB60B8233A8D0700175FAF /* mmap_address.bin */ = {isa = PBXFileReference; lastKnownFileType = archive.macbinary; path = mmap_address.bin; sourceTree = "<group>"; };
		56EB60BA233A8D0700175FAF /* HKConnection.ipch */ = {isa = PBXFileReference; lastKnownFileType = file; path = HKConnection.ipch; sourceTree = "<group>"; };
		56EB60BB233A8D0700175FAF /* mmap_address.bin */ = {isa = PBXFileReference; lastKnownFileType = archive.macbinary; path = mmap_address.bin; sourceTree = "<group>"; };
		56EB60BD233A8D0700175FAF /* random.ipch */ = {isa = PBXFileReference; lastKnownFileType = file; path = random.ipch; sourceTree = "<group>"; };
		56EB60BE233A8D0700175FAF /* mmap_address.bin */ = {isa = PBXFileReference; lastKnownFileType = archive.macbinary; path = mmap_address.bin; sourceTree = "<group>"; };
		56EB60C0233A8D0700175FAF /* mmap_address.bin */ = {isa = PBXFileReference; lastKnownFileType = archive.macbinary; path = mmap_address.bin; sourceTree = "<group>"; };
		56EB60C1233A8D0700175FAF /* JeznyHomeStationBridge.ipch */ = {isa = PBXFileReference; lastKnownFileType = file; path = JeznyHomeStationBridge.ipch; sourceTree = "<group>"; };
		56EB60C3233A8D0700175FAF /* mmap_address.bin */ = {isa = PBXFileReference; lastKnownFileType = archive.macbinary; path = mmap_address.bin; sourceTree = "<group>"; };
		56EB60C4233A8D0700175FAF /* integer.ipch */ = {isa = PBXFileReference; lastKnownFileType = file; path = integer.ipch; sourceTree = "<group>"; };
		56EB60C6233A8D0700175FAF /* HomekitBridgeAccessory.ipch */ = {isa = PBXFileReference; lastKnownFileType = file; path = HomekitBridgeAccessory.ipch; sourceTree = "<group>"; };
		56EB60C7233A8D0700175FAF /* mmap_address.bin */ = {isa = PBXFileReference; lastKnownFileType = archive.macbinary; path = mmap_address.bin; sourceTree = "<group>"; };
		56EB60CA233A8D0700175FAF /* srp.ipch */ = {isa = PBXFileReference; lastKnownFileType = file; path = srp.ipch; sourceTree = "<group>"; };
		56EB60CB233A8D0700175FAF /* mmap_address.bin */ = {isa = PBXFileReference; lastKnownFileType = archive.macbinary; path = mmap_address.bin; sourceTree = "<group>"; };
		56EB60CE233A8D0700175FAF /* mmap_address.bin */ = {isa = PBXFileReference; lastKnownFileType = archive.macbinary; path = mmap_address.bin; sourceTree = "<group>"; };
		56EB60CF233A8D0700175FAF /* MotionSensorAccessory.ipch */ = {isa = PBXFileReference; lastKnownFileType = file; path = MotionSensorAccessory.ipch; sourceTree = "<group>"; };
		56EB60D1233A8D0700175FAF /* particle-hap.h */ = {isa = PBXFileReference; fileEncoding = 4; lastKnownFileType = sourcecode.c.h; path = "particle-hap.h"; sourceTree = "<group>"; };
		56EB60D2233A8D0700175FAF /* HKBonjour.cpp */ = {isa = PBXFileReference; fileEncoding = 4; lastKnownFileType = sourcecode.cpp.cpp; path = HKBonjour.cpp; sourceTree = "<group>"; };
		56EB60D3233A8D0700175FAF /* HKStringUtils.h */ = {isa = PBXFileReference; fileEncoding = 4; lastKnownFileType = sourcecode.c.h; path = HKStringUtils.h; sourceTree = "<group>"; };
		56EB60D4233A8D0700175FAF /* HKPersistor.cpp */ = {isa = PBXFileReference; fileEncoding = 4; lastKnownFileType = sourcecode.cpp.cpp; path = HKPersistor.cpp; sourceTree = "<group>"; };
		56EB60F8233A971800175FAF /* RelaySwitchAccessory.h */ = {isa = PBXFileReference; fileEncoding = 4; lastKnownFileType = sourcecode.c.h; path = RelaySwitchAccessory.h; sourceTree = "<group>"; };
		56EB60F9233A971800175FAF /* project.properties */ = {isa = PBXFileReference; fileEncoding = 4; lastKnownFileType = text; path = project.properties; sourceTree = "<group>"; };
		56EB60FA233A971800175FAF /* relayswitch.ino */ = {isa = PBXFileReference; fileEncoding = 4; lastKnownFileType = text; path = relayswitch.ino; sourceTree = "<group>"; };
		56EB60FB233A971800175FAF /* RelaySwitchAccessory.cpp */ = {isa = PBXFileReference; fileEncoding = 4; lastKnownFileType = sourcecode.cpp.cpp; path = RelaySwitchAccessory.cpp; sourceTree = "<group>"; };
/* End PBXFileReference section */

/* Begin PBXFrameworksBuildPhase section */
		561259B12206E95600DCFA13 /* Frameworks */ = {
			isa = PBXFrameworksBuildPhase;
			buildActionMask = 2147483647;
			files = (
				56125A3A22074AFC00DCFA13 /* CoreFoundation.framework in Frameworks */,
				56125A382207490000DCFA13 /* Foundation.framework in Frameworks */,
			);
			runOnlyForDeploymentPostprocessing = 0;
		};
/* End PBXFrameworksBuildPhase section */

/* Begin PBXGroup section */
		561259AB2206E95600DCFA13 = {
			isa = PBXGroup;
			children = (
				56EB60F7233A971800175FAF /* relayswitch */,
				56EB6055233A8D0700175FAF /* src */,
				561259B62206E95600DCFA13 /* HKTester */,
				561259B52206E95600DCFA13 /* Products */,
				56125A362207490000DCFA13 /* Frameworks */,
			);
			sourceTree = "<group>";
		};
		561259B52206E95600DCFA13 /* Products */ = {
			isa = PBXGroup;
			children = (
				561259B42206E95600DCFA13 /* HKTester */,
			);
			name = Products;
			sourceTree = "<group>";
		};
		561259B62206E95600DCFA13 /* HKTester */ = {
			isa = PBXGroup;
			children = (
				561259B72206E95600DCFA13 /* main.cpp */,
				561259BF2206E9E100DCFA13 /* Particle_Compat */,
			);
			path = HKTester;
			sourceTree = "<group>";
		};
		561259BF2206E9E100DCFA13 /* Particle_Compat */ = {
			isa = PBXGroup;
			children = (
				561259C02206EA0600DCFA13 /* particle_compat.h */,
				56125A3422070D9B00DCFA13 /* particle_compat.cpp */,
			);
			path = Particle_Compat;
			sourceTree = "<group>";
		};
		56125A362207490000DCFA13 /* Frameworks */ = {
			isa = PBXGroup;
			children = (
				56125A3922074AFC00DCFA13 /* CoreFoundation.framework */,
				56125A372207490000DCFA13 /* Foundation.framework */,
			);
			name = Frameworks;
			sourceTree = "<group>";
		};
		56EB6055233A8D0700175FAF /* src */ = {
			isa = PBXGroup;
			children = (
				56EB6056233A8D0700175FAF /* HKLog.h */,
				56EB6057233A8D0700175FAF /* HKStringBuffer.h */,
				56EB6058233A8D0700175FAF /* HAPHomekitBridgeAccessory.cpp */,
				56EB6059233A8D0700175FAF /* crypto */,
				56EB6086233A8D0700175FAF /* HKAccessory.cpp */,
				56EB6087233A8D0700175FAF /* HKAccessory.h */,
				56EB6088233A8D0700175FAF /* homekit */,
				56EB6089233A8D0700175FAF /* HAPCompositeAccessory.cpp */,
				56EB608A233A8D0700175FAF /* HKConsts.h */,
				56EB608B233A8D0700175FAF /* HAPHomekitBridgeAccessory.h */,
				56EB608C233A8D0700175FAF /* HKBonjour.h */,
				56EB608D233A8D0700175FAF /* HKStringUtils.cpp */,
				56EB608E233A8D0700175FAF /* HAPCompositeAccessory.h */,
				56EB608F233A8D0700175FAF /* target */,
				56EB6090233A8D0700175FAF /* HKNetworkMessageData.h */,
				56EB6091233A8D0700175FAF /* HKNetworkResponse.cpp */,
				56EB6092233A8D0700175FAF /* HKNetworkMessage.cpp */,
				56EB6093233A8D0700175FAF /* HAPServiceDescriptor.h */,
				56EB6094233A8D0700175FAF /* HKConnection.h */,
				56EB6095233A8D0700175FAF /* HKServer.h */,
				56EB6096233A8D0700175FAF /* HKPersistor.h */,
				56EB6097233A8D0700175FAF /* HKNetworkMessageData.cpp */,
				56EB6098233A8D0700175FAF /* HKLog.cpp */,
				56EB6099233A8D0700175FAF /* HKServer.cpp */,
				56EB609A233A8D0700175FAF /* HKConnection.cpp */,
				56EB609B233A8D0700175FAF /* HKNetworkResponse.h */,
				56EB609C233A8D0700175FAF /* HKNetworkMessage.h */,
				56EB609D233A8D0700175FAF /* HKNetworkMessageDataRecord.cpp */,
				56EB609E233A8D0700175FAF /* HAPAccessoryDescriptor.h */,
				56EB609F233A8D0700175FAF /* HKConfig.h */,
				56EB60A0233A8D0700175FAF /* HKConfig.cpp */,
				56EB60A1233A8D0700175FAF /* HKStringBuffer.cpp */,
				56EB60A2233A8D0700175FAF /* HKNetworkMessageDataRecord.h */,
				56EB60A3233A8D0700175FAF /* .vscode */,
				56EB60D1233A8D0700175FAF /* particle-hap.h */,
				56EB60D2233A8D0700175FAF /* HKBonjour.cpp */,
				56EB60D3233A8D0700175FAF /* HKStringUtils.h */,
				56EB60D4233A8D0700175FAF /* HKPersistor.cpp */,
			);
			name = src;
			path = ../../src;
			sourceTree = "<group>";
		};
		56EB6059233A8D0700175FAF /* crypto */ = {
			isa = PBXGroup;
			children = (
				56EB605A233A8D0700175FAF /* ge_operations.cpp */,
				56EB605B233A8D0700175FAF /* memory.cpp */,
				56EB605C233A8D0700175FAF /* fe_operations.h */,
				56EB605D233A8D0700175FAF /* ge_low_mem.cpp */,
				56EB605E233A8D0700175FAF /* fe_low_mem.cpp */,
				56EB605F233A8D0700175FAF /* logging.cpp */,
				56EB6060233A8D0700175FAF /* chacha.h */,
				56EB6061233A8D0700175FAF /* settings.h */,
				56EB6062233A8D0700175FAF /* types.h */,
				56EB6063233A8D0700175FAF /* misc.cpp */,
				56EB6064233A8D0700175FAF /* misc.h */,
				56EB6065233A8D0700175FAF /* random.cpp */,
				56EB6066233A8D0700175FAF /* mpi_class.h */,
				56EB6067233A8D0700175FAF /* poly1305.h */,
				56EB6068233A8D0700175FAF /* chacha20_poly1305.cpp */,
				56EB6069233A8D0700175FAF /* arc4.h */,
				56EB606A233A8D0700175FAF /* wolfmath.h */,
				56EB606B233A8D0700175FAF /* ed25519.cpp */,
				56EB606C233A8D0700175FAF /* fe_operations.cpp */,
				56EB606D233A8D0700175FAF /* logging.h */,
				56EB606E233A8D0700175FAF /* error-crypt.h */,
				56EB606F233A8D0700175FAF /* sha512.cpp */,
				56EB6070233A8D0700175FAF /* sha512.h */,
				56EB6071233A8D0700175FAF /* poly1305.cpp */,
				56EB6072233A8D0700175FAF /* srp.h */,
				56EB6073233A8D0700175FAF /* hmac.cpp */,
				56EB6074233A8D0700175FAF /* hmac.h */,
				56EB6075233A8D0700175FAF /* wc_port.h */,
				56EB6076233A8D0700175FAF /* srp.cpp */,
				56EB6077233A8D0700175FAF /* wc_port.cpp */,
				56EB6078233A8D0700175FAF /* chacha20_poly1305.h */,
				56EB6079233A8D0700175FAF /* curve25519.cpp */,
				56EB607A233A8D0700175FAF /* memory.h */,
				56EB607B233A8D0700175FAF /* ed25519.h */,
				56EB607C233A8D0700175FAF /* integer.cpp */,
				56EB607D233A8D0700175FAF /* hash.cpp */,
				56EB607E233A8D0700175FAF /* curve25519.h */,
				56EB607F233A8D0700175FAF /* visibility.h */,
				56EB6080233A8D0700175FAF /* integer.h */,
				56EB6081233A8D0700175FAF /* chacha.cpp */,
				56EB6082233A8D0700175FAF /* ge_operations.h */,
				56EB6083233A8D0700175FAF /* hash.h */,
				56EB6084233A8D0700175FAF /* random.h */,
				56EB6085233A8D0700175FAF /* mpi_superclass.h */,
			);
			path = crypto;
			sourceTree = "<group>";
		};
		56EB6088233A8D0700175FAF /* homekit */ = {
			isa = PBXGroup;
			children = (
			);
			path = homekit;
			sourceTree = "<group>";
		};
		56EB608F233A8D0700175FAF /* target */ = {
			isa = PBXGroup;
			children = (
			);
			path = target;
			sourceTree = "<group>";
		};
		56EB60A3233A8D0700175FAF /* .vscode */ = {
			isa = PBXGroup;
			children = (
				56EB60A4233A8D0700175FAF /* ipch */,
			);
			path = .vscode;
			sourceTree = "<group>";
		};
		56EB60A4233A8D0700175FAF /* ipch */ = {
			isa = PBXGroup;
			children = (
				56EB60A5233A8D0700175FAF /* 9b9a285ed8187ddb */,
				56EB60A8233A8D0700175FAF /* 1033ff36c188d53c */,
				56EB60A9233A8D0700175FAF /* 2a56e6bf207ec60b */,
				56EB60AA233A8D0700175FAF /* ea17d90ad2f83d54 */,
				56EB60AB233A8D0700175FAF /* 4f3346777e7de6a6 */,
				56EB60AC233A8D0700175FAF /* 66f4b036f2b57d09 */,
				56EB60AF233A8D0700175FAF /* 95ba02596195814a */,
				56EB60B2233A8D0700175FAF /* f1dd4f01ccf01e65 */,
				56EB60B3233A8D0700175FAF /* 45740d8edd535feb */,
				56EB60B6233A8D0700175FAF /* d1545ab0907674c7 */,
				56EB60B9233A8D0700175FAF /* 12453dc60a1b1059 */,
				56EB60BC233A8D0700175FAF /* 4a7ff1b47240b2f7 */,
				56EB60BF233A8D0700175FAF /* 4df57c2e4e6626a7 */,
				56EB60C2233A8D0700175FAF /* d76eb4c02f066784 */,
				56EB60C5233A8D0700175FAF /* 84cfb10efaccde64 */,
				56EB60C8233A8D0700175FAF /* 337d5501461de9dc */,
				56EB60C9233A8D0700175FAF /* 66c72588ab0883e5 */,
				56EB60CC233A8D0700175FAF /* 47e2e9910a20a3b7 */,
				56EB60CD233A8D0700175FAF /* 291668746307b876 */,
				56EB60D0233A8D0700175FAF /* 258cab4bcd170f76 */,
			);
			path = ipch;
			sourceTree = "<group>";
		};
		56EB60A5233A8D0700175FAF /* 9b9a285ed8187ddb */ = {
			isa = PBXGroup;
			children = (
				56EB60A6233A8D0700175FAF /* RCSwitch.ipch */,
				56EB60A7233A8D0700175FAF /* mmap_address.bin */,
			);
			path = 9b9a285ed8187ddb;
			sourceTree = "<group>";
		};
		56EB60A8233A8D0700175FAF /* 1033ff36c188d53c */ = {
			isa = PBXGroup;
			children = (
			);
			path = 1033ff36c188d53c;
			sourceTree = "<group>";
		};
		56EB60A9233A8D0700175FAF /* 2a56e6bf207ec60b */ = {
			isa = PBXGroup;
			children = (
			);
			path = 2a56e6bf207ec60b;
			sourceTree = "<group>";
		};
		56EB60AA233A8D0700175FAF /* ea17d90ad2f83d54 */ = {
			isa = PBXGroup;
			children = (
			);
			path = ea17d90ad2f83d54;
			sourceTree = "<group>";
		};
		56EB60AB233A8D0700175FAF /* 4f3346777e7de6a6 */ = {
			isa = PBXGroup;
			children = (
			);
			path = 4f3346777e7de6a6;
			sourceTree = "<group>";
		};
		56EB60AC233A8D0700175FAF /* 66f4b036f2b57d09 */ = {
			isa = PBXGroup;
			children = (
				56EB60AD233A8D0700175FAF /* particle-hap.ipch */,
				56EB60AE233A8D0700175FAF /* mmap_address.bin */,
			);
			path = 66f4b036f2b57d09;
			sourceTree = "<group>";
		};
		56EB60AF233A8D0700175FAF /* 95ba02596195814a */ = {
			isa = PBXGroup;
			children = (
				56EB60B0233A8D0700175FAF /* sha512.ipch */,
				56EB60B1233A8D0700175FAF /* mmap_address.bin */,
			);
			path = 95ba02596195814a;
			sourceTree = "<group>";
		};
		56EB60B2233A8D0700175FAF /* f1dd4f01ccf01e65 */ = {
			isa = PBXGroup;
			children = (
			);
			path = f1dd4f01ccf01e65;
			sourceTree = "<group>";
		};
		56EB60B3233A8D0700175FAF /* 45740d8edd535feb */ = {
			isa = PBXGroup;
			children = (
				56EB60B4233A8D0700175FAF /* MotionSensorService.ipch */,
				56EB60B5233A8D0700175FAF /* mmap_address.bin */,
			);
			path = 45740d8edd535feb;
			sourceTree = "<group>";
		};
		56EB60B6233A8D0700175FAF /* d1545ab0907674c7 */ = {
			isa = PBXGroup;
			children = (
				56EB60B7233A8D0700175FAF /* hmac.ipch */,
				56EB60B8233A8D0700175FAF /* mmap_address.bin */,
			);
			path = d1545ab0907674c7;
			sourceTree = "<group>";
		};
		56EB60B9233A8D0700175FAF /* 12453dc60a1b1059 */ = {
			isa = PBXGroup;
			children = (
				56EB60BA233A8D0700175FAF /* HKConnection.ipch */,
				56EB60BB233A8D0700175FAF /* mmap_address.bin */,
			);
			path = 12453dc60a1b1059;
			sourceTree = "<group>";
		};
		56EB60BC233A8D0700175FAF /* 4a7ff1b47240b2f7 */ = {
			isa = PBXGroup;
			children = (
				56EB60BD233A8D0700175FAF /* random.ipch */,
				56EB60BE233A8D0700175FAF /* mmap_address.bin */,
			);
			path = 4a7ff1b47240b2f7;
			sourceTree = "<group>";
		};
		56EB60BF233A8D0700175FAF /* 4df57c2e4e6626a7 */ = {
			isa = PBXGroup;
			children = (
				56EB60C0233A8D0700175FAF /* mmap_address.bin */,
				56EB60C1233A8D0700175FAF /* JeznyHomeStationBridge.ipch */,
			);
			path = 4df57c2e4e6626a7;
			sourceTree = "<group>";
		};
		56EB60C2233A8D0700175FAF /* d76eb4c02f066784 */ = {
			isa = PBXGroup;
			children = (
				56EB60C3233A8D0700175FAF /* mmap_address.bin */,
				56EB60C4233A8D0700175FAF /* integer.ipch */,
			);
			path = d76eb4c02f066784;
			sourceTree = "<group>";
		};
		56EB60C5233A8D0700175FAF /* 84cfb10efaccde64 */ = {
			isa = PBXGroup;
			children = (
				56EB60C6233A8D0700175FAF /* HomekitBridgeAccessory.ipch */,
				56EB60C7233A8D0700175FAF /* mmap_address.bin */,
			);
			path = 84cfb10efaccde64;
			sourceTree = "<group>";
		};
		56EB60C8233A8D0700175FAF /* 337d5501461de9dc */ = {
			isa = PBXGroup;
			children = (
			);
			path = 337d5501461de9dc;
			sourceTree = "<group>";
		};
		56EB60C9233A8D0700175FAF /* 66c72588ab0883e5 */ = {
			isa = PBXGroup;
			children = (
				56EB60CA233A8D0700175FAF /* srp.ipch */,
				56EB60CB233A8D0700175FAF /* mmap_address.bin */,
			);
			path = 66c72588ab0883e5;
			sourceTree = "<group>";
		};
		56EB60CC233A8D0700175FAF /* 47e2e9910a20a3b7 */ = {
			isa = PBXGroup;
			children = (
			);
			path = 47e2e9910a20a3b7;
			sourceTree = "<group>";
		};
		56EB60CD233A8D0700175FAF /* 291668746307b876 */ = {
			isa = PBXGroup;
			children = (
				56EB60CE233A8D0700175FAF /* mmap_address.bin */,
				56EB60CF233A8D0700175FAF /* MotionSensorAccessory.ipch */,
			);
			path = 291668746307b876;
			sourceTree = "<group>";
		};
		56EB60D0233A8D0700175FAF /* 258cab4bcd170f76 */ = {
			isa = PBXGroup;
			children = (
			);
			path = 258cab4bcd170f76;
			sourceTree = "<group>";
		};
		56EB60F7233A971800175FAF /* relayswitch */ = {
			isa = PBXGroup;
			children = (
				56EB60F8233A971800175FAF /* RelaySwitchAccessory.h */,
				56EB60F9233A971800175FAF /* project.properties */,
				56EB60FA233A971800175FAF /* relayswitch.ino */,
				56EB60FB233A971800175FAF /* RelaySwitchAccessory.cpp */,
			);
			name = relayswitch;
			path = ../../examples/relayswitch;
			sourceTree = "<group>";
		};
/* End PBXGroup section */

/* Begin PBXNativeTarget section */
		561259B32206E95600DCFA13 /* HKTester */ = {
			isa = PBXNativeTarget;
			buildConfigurationList = 561259BB2206E95600DCFA13 /* Build configuration list for PBXNativeTarget "HKTester" */;
			buildPhases = (
				561259B02206E95600DCFA13 /* Sources */,
				561259B12206E95600DCFA13 /* Frameworks */,
				561259B22206E95600DCFA13 /* CopyFiles */,
			);
			buildRules = (
			);
			dependencies = (
			);
			name = HKTester;
			productName = HKTester;
			productReference = 561259B42206E95600DCFA13 /* HKTester */;
			productType = "com.apple.product-type.tool";
		};
/* End PBXNativeTarget section */

/* Begin PBXProject section */
		561259AC2206E95600DCFA13 /* Project object */ = {
			isa = PBXProject;
			attributes = {
				LastUpgradeCheck = 1010;
				ORGANIZATIONNAME = "Lukas Jezny";
				TargetAttributes = {
					561259B32206E95600DCFA13 = {
						CreatedOnToolsVersion = 10.1;
					};
				};
			};
			buildConfigurationList = 561259AF2206E95600DCFA13 /* Build configuration list for PBXProject "HKTester" */;
			compatibilityVersion = "Xcode 9.3";
			developmentRegion = en;
			hasScannedForEncodings = 0;
			knownRegions = (
				en,
			);
			mainGroup = 561259AB2206E95600DCFA13;
			productRefGroup = 561259B52206E95600DCFA13 /* Products */;
			projectDirPath = "";
			projectRoot = "";
			targets = (
				561259B32206E95600DCFA13 /* HKTester */,
			);
		};
/* End PBXProject section */

/* Begin PBXSourcesBuildPhase section */
		561259B02206E95600DCFA13 /* Sources */ = {
			isa = PBXSourcesBuildPhase;
			buildActionMask = 2147483647;
			files = (
				56EB60D7233A8D0700175FAF /* memory.cpp in Sources */,
				561259B82206E95600DCFA13 /* main.cpp in Sources */,
				56EB60E2233A8D0700175FAF /* hmac.cpp in Sources */,
				56EB60EB233A8D0700175FAF /* HKStringUtils.cpp in Sources */,
				56EB60EF233A8D0700175FAF /* HKLog.cpp in Sources */,
				56EB60F4233A8D0700175FAF /* HKStringBuffer.cpp in Sources */,
				56EB60F6233A8D0700175FAF /* HKPersistor.cpp in Sources */,
				56EB60F3233A8D0700175FAF /* HKConfig.cpp in Sources */,
				56EB60E8233A8D0700175FAF /* chacha.cpp in Sources */,
				56EB60DF233A8D0700175FAF /* fe_operations.cpp in Sources */,
				56EB60DB233A8D0700175FAF /* misc.cpp in Sources */,
				56EB60ED233A8D0700175FAF /* HKNetworkMessage.cpp in Sources */,
				56EB60DD233A8D0700175FAF /* chacha20_poly1305.cpp in Sources */,
				56EB60F2233A8D0700175FAF /* HKNetworkMessageDataRecord.cpp in Sources */,
				56EB60EE233A8D0700175FAF /* HKNetworkMessageData.cpp in Sources */,
				56EB60E6233A8D0700175FAF /* integer.cpp in Sources */,
				56EB60E5233A8D0700175FAF /* curve25519.cpp in Sources */,
				56EB60EC233A8D0700175FAF /* HKNetworkResponse.cpp in Sources */,
				56EB60F1233A8D0700175FAF /* HKConnection.cpp in Sources */,
				56EB60E0233A8D0700175FAF /* sha512.cpp in Sources */,
				56EB60E1233A8D0700175FAF /* poly1305.cpp in Sources */,
				56EB60E4233A8D0700175FAF /* wc_port.cpp in Sources */,
				56EB60E7233A8D0700175FAF /* hash.cpp in Sources */,
				56EB60D6233A8D0700175FAF /* ge_operations.cpp in Sources */,
				56EB60F5233A8D0700175FAF /* HKBonjour.cpp in Sources */,
				56EB60DC233A8D0700175FAF /* random.cpp in Sources */,
				56EB60FC233A971900175FAF /* RelaySwitchAccessory.cpp in Sources */,
				56EB60E3233A8D0700175FAF /* srp.cpp in Sources */,
				56EB60DA233A8D0700175FAF /* logging.cpp in Sources */,
				56EB60DE233A8D0700175FAF /* ed25519.cpp in Sources */,
				56EB60F0233A8D0700175FAF /* HKServer.cpp in Sources */,
				56EB60EA233A8D0700175FAF /* HAPCompositeAccessory.cpp in Sources */,
				56EB60E9233A8D0700175FAF /* HKAccessory.cpp in Sources */,
				56EB60D9233A8D0700175FAF /* fe_low_mem.cpp in Sources */,
				56125A3522070D9B00DCFA13 /* particle_compat.cpp in Sources */,
				56EB60D8233A8D0700175FAF /* ge_low_mem.cpp in Sources */,
				56EB60D5233A8D0700175FAF /* HAPHomekitBridgeAccessory.cpp in Sources */,
			);
			runOnlyForDeploymentPostprocessing = 0;
		};
/* End PBXSourcesBuildPhase section */

/* Begin XCBuildConfiguration section */
		561259B92206E95600DCFA13 /* Debug */ = {
			isa = XCBuildConfiguration;
			buildSettings = {
				ALWAYS_SEARCH_USER_PATHS = NO;
				CLANG_ANALYZER_NONNULL = YES;
				CLANG_ANALYZER_NUMBER_OBJECT_CONVERSION = YES_AGGRESSIVE;
				CLANG_CXX_LANGUAGE_STANDARD = "gnu++14";
				CLANG_CXX_LIBRARY = "libc++";
				CLANG_ENABLE_MODULES = YES;
				CLANG_ENABLE_OBJC_ARC = YES;
				CLANG_ENABLE_OBJC_WEAK = YES;
				CLANG_WARN_BLOCK_CAPTURE_AUTORELEASING = YES;
				CLANG_WARN_BOOL_CONVERSION = YES;
				CLANG_WARN_COMMA = YES;
				CLANG_WARN_CONSTANT_CONVERSION = YES;
				CLANG_WARN_DEPRECATED_OBJC_IMPLEMENTATIONS = YES;
				CLANG_WARN_DIRECT_OBJC_ISA_USAGE = YES_ERROR;
				CLANG_WARN_DOCUMENTATION_COMMENTS = YES;
				CLANG_WARN_EMPTY_BODY = YES;
				CLANG_WARN_ENUM_CONVERSION = YES;
				CLANG_WARN_INFINITE_RECURSION = YES;
				CLANG_WARN_INT_CONVERSION = YES;
				CLANG_WARN_NON_LITERAL_NULL_CONVERSION = YES;
				CLANG_WARN_OBJC_IMPLICIT_RETAIN_SELF = YES;
				CLANG_WARN_OBJC_LITERAL_CONVERSION = YES;
				CLANG_WARN_OBJC_ROOT_CLASS = YES_ERROR;
				CLANG_WARN_RANGE_LOOP_ANALYSIS = YES;
				CLANG_WARN_STRICT_PROTOTYPES = YES;
				CLANG_WARN_SUSPICIOUS_MOVE = YES;
				CLANG_WARN_UNGUARDED_AVAILABILITY = YES_AGGRESSIVE;
				CLANG_WARN_UNREACHABLE_CODE = YES;
				CLANG_WARN__DUPLICATE_METHOD_MATCH = YES;
				CODE_SIGN_IDENTITY = "Mac Developer";
				COPY_PHASE_STRIP = NO;
				DEBUG_INFORMATION_FORMAT = dwarf;
				ENABLE_STRICT_OBJC_MSGSEND = YES;
				ENABLE_TESTABILITY = YES;
				GCC_C_LANGUAGE_STANDARD = gnu11;
				GCC_DYNAMIC_NO_PIC = NO;
				GCC_NO_COMMON_BLOCKS = YES;
				GCC_OPTIMIZATION_LEVEL = 0;
				GCC_PREPROCESSOR_DEFINITIONS = (
					"DEBUG=1",
					"$(inherited)",
					PARTICLE_COMPAT,
				);
				GCC_WARN_64_TO_32_BIT_CONVERSION = YES;
				GCC_WARN_ABOUT_RETURN_TYPE = YES_ERROR;
				GCC_WARN_UNDECLARED_SELECTOR = YES;
				GCC_WARN_UNINITIALIZED_AUTOS = YES_AGGRESSIVE;
				GCC_WARN_UNUSED_FUNCTION = YES;
				GCC_WARN_UNUSED_VARIABLE = YES;
				MACOSX_DEPLOYMENT_TARGET = 10.14;
				MTL_ENABLE_DEBUG_INFO = INCLUDE_SOURCE;
				MTL_FAST_MATH = YES;
				ONLY_ACTIVE_ARCH = YES;
				SDKROOT = macosx;
			};
			name = Debug;
		};
		561259BA2206E95600DCFA13 /* Release */ = {
			isa = XCBuildConfiguration;
			buildSettings = {
				ALWAYS_SEARCH_USER_PATHS = NO;
				CLANG_ANALYZER_NONNULL = YES;
				CLANG_ANALYZER_NUMBER_OBJECT_CONVERSION = YES_AGGRESSIVE;
				CLANG_CXX_LANGUAGE_STANDARD = "gnu++14";
				CLANG_CXX_LIBRARY = "libc++";
				CLANG_ENABLE_MODULES = YES;
				CLANG_ENABLE_OBJC_ARC = YES;
				CLANG_ENABLE_OBJC_WEAK = YES;
				CLANG_WARN_BLOCK_CAPTURE_AUTORELEASING = YES;
				CLANG_WARN_BOOL_CONVERSION = YES;
				CLANG_WARN_COMMA = YES;
				CLANG_WARN_CONSTANT_CONVERSION = YES;
				CLANG_WARN_DEPRECATED_OBJC_IMPLEMENTATIONS = YES;
				CLANG_WARN_DIRECT_OBJC_ISA_USAGE = YES_ERROR;
				CLANG_WARN_DOCUMENTATION_COMMENTS = YES;
				CLANG_WARN_EMPTY_BODY = YES;
				CLANG_WARN_ENUM_CONVERSION = YES;
				CLANG_WARN_INFINITE_RECURSION = YES;
				CLANG_WARN_INT_CONVERSION = YES;
				CLANG_WARN_NON_LITERAL_NULL_CONVERSION = YES;
				CLANG_WARN_OBJC_IMPLICIT_RETAIN_SELF = YES;
				CLANG_WARN_OBJC_LITERAL_CONVERSION = YES;
				CLANG_WARN_OBJC_ROOT_CLASS = YES_ERROR;
				CLANG_WARN_RANGE_LOOP_ANALYSIS = YES;
				CLANG_WARN_STRICT_PROTOTYPES = YES;
				CLANG_WARN_SUSPICIOUS_MOVE = YES;
				CLANG_WARN_UNGUARDED_AVAILABILITY = YES_AGGRESSIVE;
				CLANG_WARN_UNREACHABLE_CODE = YES;
				CLANG_WARN__DUPLICATE_METHOD_MATCH = YES;
				CODE_SIGN_IDENTITY = "Mac Developer";
				COPY_PHASE_STRIP = NO;
				DEBUG_INFORMATION_FORMAT = "dwarf-with-dsym";
				ENABLE_NS_ASSERTIONS = NO;
				ENABLE_STRICT_OBJC_MSGSEND = YES;
				GCC_C_LANGUAGE_STANDARD = gnu11;
				GCC_NO_COMMON_BLOCKS = YES;
				GCC_PREPROCESSOR_DEFINITIONS = PARTICLE_COMPAT;
				"GCC_PREPROCESSOR_DEFINITIONS[arch=*]" = "";
				GCC_WARN_64_TO_32_BIT_CONVERSION = YES;
				GCC_WARN_ABOUT_RETURN_TYPE = YES_ERROR;
				GCC_WARN_UNDECLARED_SELECTOR = YES;
				GCC_WARN_UNINITIALIZED_AUTOS = YES_AGGRESSIVE;
				GCC_WARN_UNUSED_FUNCTION = YES;
				GCC_WARN_UNUSED_VARIABLE = YES;
				MACOSX_DEPLOYMENT_TARGET = 10.14;
				MTL_ENABLE_DEBUG_INFO = NO;
				MTL_FAST_MATH = YES;
				SDKROOT = macosx;
			};
			name = Release;
		};
		561259BC2206E95600DCFA13 /* Debug */ = {
			isa = XCBuildConfiguration;
			buildSettings = {
				CODE_SIGN_STYLE = Automatic;
				DEVELOPMENT_TEAM = 42NG6AU5AL;
				PRODUCT_NAME = "$(TARGET_NAME)";
			};
			name = Debug;
		};
		561259BD2206E95600DCFA13 /* Release */ = {
			isa = XCBuildConfiguration;
			buildSettings = {
				CODE_SIGN_STYLE = Automatic;
				DEVELOPMENT_TEAM = 42NG6AU5AL;
				PRODUCT_NAME = "$(TARGET_NAME)";
			};
			name = Release;
		};
/* End XCBuildConfiguration section */

/* Begin XCConfigurationList section */
		561259AF2206E95600DCFA13 /* Build configuration list for PBXProject "HKTester" */ = {
			isa = XCConfigurationList;
			buildConfigurations = (
				561259B92206E95600DCFA13 /* Debug */,
				561259BA2206E95600DCFA13 /* Release */,
			);
			defaultConfigurationIsVisible = 0;
			defaultConfigurationName = Release;
		};
		561259BB2206E95600DCFA13 /* Build configuration list for PBXNativeTarget "HKTester" */ = {
			isa = XCConfigurationList;
			buildConfigurations = (
				561259BC2206E95600DCFA13 /* Debug */,
				561259BD2206E95600DCFA13 /* Release */,
			);
			defaultConfigurationIsVisible = 0;
			defaultConfigurationName = Release;
		};
/* End XCConfigurationList section */
	};
	rootObject = 561259AC2206E95600DCFA13 /* Project object */;
}
